
Microsoft Visual Studio Solution File, Format Version 12.00
# Visual Studio 15
VisualStudioVersion = 15.0.28307.438
MinimumVisualStudioVersion = 10.0.40219.1
Project("{FAE04EC0-301F-11D3-BF4B-00C04F79EFBC}") = "Odev3", "Odev3\Odev3.csproj", "{D6B23B48-8034-44ED-8615-4732F8B996A4}"
EndProject
Global
	GlobalSection(SolutionConfigurationPlatforms) = preSolution
		Debug|Any CPU = Debug|Any CPU
		Release|Any CPU = Release|Any CPU
	EndGlobalSection
	GlobalSection(ProjectConfigurationPlatforms) = postSolution
		{D6B23B48-8034-44ED-8615-4732F8B996A4}.Debug|Any CPU.ActiveCfg = Debug|Any CPU
		{D6B23B48-8034-44ED-8615-4732F8B996A4}.Debug|Any CPU.Build.0 = Debug|Any CPU
		{D6B23B48-8034-44ED-8615-4732F8B996A4}.Release|Any CPU.ActiveCfg = Release|Any CPU
		{D6B23B48-8034-44ED-8615-4732F8B996A4}.Release|Any CPU.Build.0 = Release|Any CPU
	EndGlobalSection
	GlobalSection(SolutionProperties) = preSolution
		HideSolutionNode = FALSE
	EndGlobalSection
	GlobalSection(ExtensibilityGlobals) = postSolution
		SolutionGuid = {C8623815-3D3A-4731-8ADC-7E6C4BBF35B6}
	EndGlobalSection
EndGlobal
